{
  "lockfileVersion": 1,
  "configVersion": 1,
  "workspaces": {
    "": {
      "dependencies": {
        "@opencode-ai/plugin": "1.0.195",
      },
    },
  },
  "packages": {
    "@opencode-ai/plugin": ["@opencode-ai/plugin@1.0.195", "", { "dependencies": { "@opencode-ai/sdk": "1.0.195", "zod": "4.1.8" } }, "sha512-AQ/WRD8owOxtIkrXur5dmo3XRUWQxdmuxed1Ahd+ZTepxSL5/KZdoJS3RlR/AuwwzWrQQOxzg+O5wd+mPfldrQ=="],

    "@opencode-ai/sdk": ["@opencode-ai/sdk@1.0.195", "", {}, "sha512-1LUPQfdu8eTttZSlTFiQuDT+fD88hmU3czI0ybXscMHVPwCiMaYrMHmQPaRsJfeGtzwWQY9MHWiUkPVZBawOOQ=="],

    "zod": ["zod@4.1.8", "", {}, "sha512-5R1P+WwQqmmMIEACyzSvo4JXHY5WiAFHRMg+zBZKgKS+Q1viRa0C1hmUKtHltoIFKtIdki3pRxkmpP74jnNYHQ=="],
  }
}
